PODS:
  - FrameworkThree (0.1.0)
  - R.swift (5.0.3):
    - R.swift.Library (~> 5.0.0)
  - R.swift.Library (5.0.1)
  - SwiftGen (6.1.0)

DEPENDENCIES:
  - FrameworkThree (from `../FrameworkThree`)
  - R.swift (~> 5.0)
  - SwiftGen (~> 6.0)

SPEC REPOS:
  https://github.com/cocoapods/specs.git:
    - R.swift
    - R.swift.Library
    - SwiftGen

EXTERNAL SOURCES:
  FrameworkThree:
    :path: "../FrameworkThree"

SPEC CHECKSUMS:
  FrameworkThree: fb4ed053a31234f15a626f5461f60a5322419acb
  R.swift: f5a87643b91ea569d23d6afb3eee9c743edde239
  R.swift.Library: cfe85d569d9bae6cb262922db130e7c3a7a5fad1
  SwiftGen: f872ca75cbd17bf7103c17f13dcfa0d9a15667b0

PODFILE CHECKSUM: 0a61eb55f46096a648254983e9af8a91426697ed

COCOAPODS: 1.7.5
